
Microsoft Visual Studio Solution File, Format Version 12.00
# Visual Studio Version 17
VisualStudioVersion = 17.1.32407.343
MinimumVisualStudioVersion = 10.0.40219.1
Project("{FAE04EC0-301F-11D3-BF4B-00C04F79EFBC}") = "ServiceCenterWebApp.API", "ServiceCenterWebApp.API\ServiceCenterWebApp.API.csproj", "{92A3A428-E188-4092-A688-B41380E8B8E7}"
EndProject
Global
	GlobalSection(SolutionConfigurationPlatforms) = preSolution
		Debug|Any CPU = Debug|Any CPU
		Release|Any CPU = Release|Any CPU
	EndGlobalSection
	GlobalSection(ProjectConfigurationPlatforms) = postSolution
		{92A3A428-E188-4092-A688-B41380E8B8E7}.Debug|Any CPU.ActiveCfg = Debug|Any CPU
		{92A3A428-E188-4092-A688-B41380E8B8E7}.Debug|Any CPU.Build.0 = Debug|Any CPU
		{92A3A428-E188-4092-A688-B41380E8B8E7}.Release|Any CPU.ActiveCfg = Release|Any CPU
		{92A3A428-E188-4092-A688-B41380E8B8E7}.Release|Any CPU.Build.0 = Release|Any CPU
	EndGlobalSection
	GlobalSection(SolutionProperties) = preSolution
		HideSolutionNode = FALSE
	EndGlobalSection
	GlobalSection(ExtensibilityGlobals) = postSolution
		SolutionGuid = {4D004FA5-B016-473A-9A1D-F9F10FE7C9DB}
	EndGlobalSection
EndGlobal
